
Microsoft Visual Studio Solution File, Format Version 12.00
# Visual Studio Version 16
VisualStudioVersion = 16.0.31019.35
MinimumVisualStudioVersion = 10.0.40219.1
Project("{FAE04EC0-301F-11D3-BF4B-00C04F79EFBC}") = "Data Encryption Standard", "Data Encryption Standard\Data Encryption Standard.csproj", "{23267612-9EFC-4C89-A915-0CB36EFCB54F}"
EndProject
Global
	GlobalSection(SolutionConfigurationPlatforms) = preSolution
		Debug|Any CPU = Debug|Any CPU
		Release|Any CPU = Release|Any CPU
	EndGlobalSection
	GlobalSection(ProjectConfigurationPlatforms) = postSolution
		{23267612-9EFC-4C89-A915-0CB36EFCB54F}.Debug|Any CPU.ActiveCfg = Debug|Any CPU
		{23267612-9EFC-4C89-A915-0CB36EFCB54F}.Debug|Any CPU.Build.0 = Debug|Any CPU
		{23267612-9EFC-4C89-A915-0CB36EFCB54F}.Release|Any CPU.ActiveCfg = Release|Any CPU
		{23267612-9EFC-4C89-A915-0CB36EFCB54F}.Release|Any CPU.Build.0 = Release|Any CPU
	EndGlobalSection
	GlobalSection(SolutionProperties) = preSolution
		HideSolutionNode = FALSE
	EndGlobalSection
	GlobalSection(ExtensibilityGlobals) = postSolution
		SolutionGuid = {2E5BA9CC-9130-48EC-B321-2E4C5E66F85C}
	EndGlobalSection
EndGlobal
